
Microsoft Visual Studio Solution File, Format Version 12.00
# Visual Studio 15
Project("{FAE04EC0-301F-11D3-BF4B-00C04F79EFBC}") = "LibraryTestApi", "LibraryTestApi\LibraryTestApi.csproj", "{E3460728-2C06-4B73-9D04-F2C2CDB20C83}"
EndProject
Global
	GlobalSection(SolutionConfigurationPlatforms) = preSolution
		Debug|Any CPU = Debug|Any CPU
		Release|Any CPU = Release|Any CPU
	EndGlobalSection
	GlobalSection(ProjectConfigurationPlatforms) = postSolution
		{E3460728-2C06-4B73-9D04-F2C2CDB20C83}.Debug|Any CPU.ActiveCfg = Debug|Any CPU
		{E3460728-2C06-4B73-9D04-F2C2CDB20C83}.Debug|Any CPU.Build.0 = Debug|Any CPU
		{E3460728-2C06-4B73-9D04-F2C2CDB20C83}.Release|Any CPU.ActiveCfg = Release|Any CPU
		{E3460728-2C06-4B73-9D04-F2C2CDB20C83}.Release|Any CPU.Build.0 = Release|Any CPU
	EndGlobalSection
EndGlobal
